{
  "name": "package-1",
  "lockfileVersion": 3,
  "requires": true,
  "packages": {
    "": {
      "dependencies": {
        "tailwindcss": "^4.0.0"
      }
    },
    "node_modules/tailwindcss": {
      "version": "4.1.11",
      "resolved": "https://registry.npmjs.org/tailwindcss/-/tailwindcss-4.1.11.tgz",
      "integrity": "sha512-2E9TBm6MDD/xKYe+dvJZAmg3yxIEDNRc0jwlNyDg/4Fil2QcSLjFKGVff0lAf1jjeaArlG/M75Ey/EYr/OJtBA==",
      "license": "MIT"
    }
  }
}
