{
  "name": "basic",
  "lockfileVersion": 3,
  "requires": true,
  "packages": {
    "": {
      "dependencies": {
        "tailwindcss": "^4.0.0-alpha.23"
      }
    },
    "node_modules/tailwindcss": {
      "version": "4.0.0-alpha.23",
      "resolved": "https://registry.npmjs.org/tailwindcss/-/tailwindcss-4.0.0-alpha.23.tgz",
      "integrity": "sha512-5dy4L1icQUYkG2Fa427QG3fKGkNqMi6V4bJE0DoxBZkR4e550w7uxYJ7vBXINWrRmDd4LHmQInkgsHza3lwONg=="
    }
  }
}
