{
  "name": "monorepo",
  "lockfileVersion": 3,
  "requires": true,
  "packages": {
    "package-1": {
      "extraneous": true,
      "dependencies": {
        "tailwindcss": "^4.0.0"
      }
    },
    "package-2": {
      "extraneous": true,
      "dependencies": {
        "tailwindcss": "^3.4.17"
      }
    }
  }
}
