{
  "name": "v3-jiti-reexport",
  "lockfileVersion": 3,
  "requires": true,
  "packages": {
    "": {
      "dependencies": {
        "@repo/tailwind-config": "file:./packages/tailwind-config"
      }
    },
    "node_modules/@repo/tailwind-config": {
      "resolved": "packages/tailwind-config",
      "link": true
    },
    "node_modules/jiti": {
      "version": "2.6.1",
      "resolved": "https://registry.npmjs.org/jiti/-/jiti-2.6.1.tgz",
      "integrity": "sha512-ekilCSN1jwRvIbgeg/57YFh8qQDNbwDb9xT/qu2DAHbFFZUicIl4ygVaAvzveMhMVr3LnpSKTNnwt8PoOfmKhQ==",
      "license": "MIT",
      "bin": {
        "jiti": "lib/jiti-cli.mjs"
      }
    },
    "packages/tailwind-config": {
      "name": "@repo/tailwind-config",
      "version": "1.0.0",
      "dependencies": {
        "jiti": "^2.6.1"
      }
    }
  }
}
