{
  "name": "configs",
  "lockfileVersion": 3,
  "requires": true,
  "packages": {
    "": {
      "dependencies": {
        "tailwindcss": "^4.0.0-alpha.34"
      }
    },
    "node_modules/tailwindcss": {
      "version": "4.0.0-alpha.34",
      "resolved": "https://registry.npmjs.org/tailwindcss/-/tailwindcss-4.0.0-alpha.34.tgz",
      "integrity": "sha512-SST1h774z+bVCLTpRz4TYpjJLIcomZH1HBF4OPY1YusONUYqg0/XTq0N++12mNeyu6mK7VbFIkkNtf636yudWQ=="
    }
  }
}
