{
  "name": "css-loading-js",
  "lockfileVersion": 3,
  "requires": true,
  "packages": {
    "": {
      "dependencies": {
        "tailwindcss": "^4.0.0-alpha.34"
      }
    },
    "node_modules/tailwindcss": {
      "version": "4.0.0-beta.10",
      "resolved": "https://registry.npmjs.org/tailwindcss/-/tailwindcss-4.0.0-beta.10.tgz",
      "integrity": "sha512-QphgB58oviLYkSWu74+5S2FU8sREus9wBEzWWi5iSxnBrgzfVFp7pIeAPbQ7gq1WXnbllCipsTjK3yT+Do4y0Q==",
      "license": "MIT"
    }
  }
}
