{
  "name": "custom-pkg-name-v4",
  "lockfileVersion": 3,
  "requires": true,
  "packages": {
    "": {
      "dependencies": {
        "tailwindcss-v4": "npm:tailwindcss@^4.1.7"
      }
    },
    "node_modules/tailwindcss-v4": {
      "name": "tailwindcss",
      "version": "4.1.7",
      "resolved": "https://registry.npmjs.org/tailwindcss/-/tailwindcss-4.1.7.tgz",
      "integrity": "sha512-kr1o/ErIdNhTz8uzAYL7TpaUuzKIE6QPQ4qmSdxnoX/lo+5wmUHQA6h3L5yIqEImSRnAAURDirLu/BgiXGPAhg==",
      "license": "MIT"
    }
  }
}
